
Microsoft Visual Studio Solution File, Format Version 12.00
# Visual Studio Version 17
VisualStudioVersion = 17.5.33516.290
MinimumVisualStudioVersion = 10.0.40219.1
Project("{FAE04EC0-301F-11D3-BF4B-00C04F79EFBC}") = "OsuryuhaanDictionaryPWAProj.Server", "OsuryuhaanDictionaryPWAProj\Server\OsuryuhaanDictionaryPWAProj.Server.csproj", "{0A4598FC-641C-4EE4-BDC5-49AAD86F55E6}"
EndProject
Project("{FAE04EC0-301F-11D3-BF4B-00C04F79EFBC}") = "OsuryuhaanDictionaryPWAProj.Client", "OsuryuhaanDictionaryPWAProj\Client\OsuryuhaanDictionaryPWAProj.Client.csproj", "{B95E74BF-F9E2-4F62-8FBB-99DDB3AECF76}"
EndProject
Project("{FAE04EC0-301F-11D3-BF4B-00C04F79EFBC}") = "OsuryuhaanDictionaryPWAProj.Shared", "OsuryuhaanDictionaryPWAProj\Shared\OsuryuhaanDictionaryPWAProj.Shared.csproj", "{FC6DADB8-0D6E-4DE2-896F-295EFF8A9732}"
EndProject
Global
	GlobalSection(SolutionConfigurationPlatforms) = preSolution
		Debug|Any CPU = Debug|Any CPU
		Release|Any CPU = Release|Any CPU
	EndGlobalSection
	GlobalSection(ProjectConfigurationPlatforms) = postSolution
		{0A4598FC-641C-4EE4-BDC5-49AAD86F55E6}.Debug|Any CPU.ActiveCfg = Debug|Any CPU
		{0A4598FC-641C-4EE4-BDC5-49AAD86F55E6}.Debug|Any CPU.Build.0 = Debug|Any CPU
		{0A4598FC-641C-4EE4-BDC5-49AAD86F55E6}.Release|Any CPU.ActiveCfg = Release|Any CPU
		{0A4598FC-641C-4EE4-BDC5-49AAD86F55E6}.Release|Any CPU.Build.0 = Release|Any CPU
		{B95E74BF-F9E2-4F62-8FBB-99DDB3AECF76}.Debug|Any CPU.ActiveCfg = Debug|Any CPU
		{B95E74BF-F9E2-4F62-8FBB-99DDB3AECF76}.Debug|Any CPU.Build.0 = Debug|Any CPU
		{B95E74BF-F9E2-4F62-8FBB-99DDB3AECF76}.Release|Any CPU.ActiveCfg = Release|Any CPU
		{B95E74BF-F9E2-4F62-8FBB-99DDB3AECF76}.Release|Any CPU.Build.0 = Release|Any CPU
		{FC6DADB8-0D6E-4DE2-896F-295EFF8A9732}.Debug|Any CPU.ActiveCfg = Debug|Any CPU
		{FC6DADB8-0D6E-4DE2-896F-295EFF8A9732}.Debug|Any CPU.Build.0 = Debug|Any CPU
		{FC6DADB8-0D6E-4DE2-896F-295EFF8A9732}.Release|Any CPU.ActiveCfg = Release|Any CPU
		{FC6DADB8-0D6E-4DE2-896F-295EFF8A9732}.Release|Any CPU.Build.0 = Release|Any CPU
	EndGlobalSection
	GlobalSection(SolutionProperties) = preSolution
		HideSolutionNode = FALSE
	EndGlobalSection
	GlobalSection(ExtensibilityGlobals) = postSolution
		SolutionGuid = {780A72A3-3C5C-4529-9E33-052B41F73A36}
	EndGlobalSection
EndGlobal
